
Microsoft Visual Studio Solution File, Format Version 12.00
# Visual Studio Version 16
VisualStudioVersion = 16.0.31424.327
MinimumVisualStudioVersion = 10.0.40219.1
Project("{9A19103F-16F7-4668-BE54-9A1E7A4F7556}") = "DataAccess", "DataAccess\DataAccess.csproj", "{C32749F4-C59D-47B7-853E-849BABC3F81F}"
EndProject
Project("{9A19103F-16F7-4668-BE54-9A1E7A4F7556}") = "Business", "Business\Business.csproj", "{2D081526-1D50-4502-B4E3-C4EBB3717F3C}"
EndProject
Project("{9A19103F-16F7-4668-BE54-9A1E7A4F7556}") = "Entities", "Entities\Entities.csproj", "{4500990F-CCFD-466C-9C85-A3FCFDFF0E1E}"
EndProject
Project("{9A19103F-16F7-4668-BE54-9A1E7A4F7556}") = "ConsoleUI", "ConsoleUI\ConsoleUI.csproj", "{D14A17CF-591F-4224-9CD1-73AA58A434DE}"
EndProject
Project("{9A19103F-16F7-4668-BE54-9A1E7A4F7556}") = "Core", "Core\Core.csproj", "{4EA4383C-6260-4529-8B4A-584EA6E35CC4}"
EndProject
Project("{FAE04EC0-301F-11D3-BF4B-00C04F79EFBC}") = "WebAPI", "WebAPI\WebAPI.csproj", "{6CBAEFC6-526C-4FFF-A78B-FA1DDEAE76E5}"
EndProject
Global
	GlobalSection(SolutionConfigurationPlatforms) = preSolution
		Debug|Any CPU = Debug|Any CPU
		Release|Any CPU = Release|Any CPU
	EndGlobalSection
	GlobalSection(ProjectConfigurationPlatforms) = postSolution
		{C32749F4-C59D-47B7-853E-849BABC3F81F}.Debug|Any CPU.ActiveCfg = Debug|Any CPU
		{C32749F4-C59D-47B7-853E-849BABC3F81F}.Debug|Any CPU.Build.0 = Debug|Any CPU
		{C32749F4-C59D-47B7-853E-849BABC3F81F}.Release|Any CPU.ActiveCfg = Release|Any CPU
		{C32749F4-C59D-47B7-853E-849BABC3F81F}.Release|Any CPU.Build.0 = Release|Any CPU
		{2D081526-1D50-4502-B4E3-C4EBB3717F3C}.Debug|Any CPU.ActiveCfg = Debug|Any CPU
		{2D081526-1D50-4502-B4E3-C4EBB3717F3C}.Debug|Any CPU.Build.0 = Debug|Any CPU
		{2D081526-1D50-4502-B4E3-C4EBB3717F3C}.Release|Any CPU.ActiveCfg = Release|Any CPU
		{2D081526-1D50-4502-B4E3-C4EBB3717F3C}.Release|Any CPU.Build.0 = Release|Any CPU
		{4500990F-CCFD-466C-9C85-A3FCFDFF0E1E}.Debug|Any CPU.ActiveCfg = Debug|Any CPU
		{4500990F-CCFD-466C-9C85-A3FCFDFF0E1E}.Debug|Any CPU.Build.0 = Debug|Any CPU
		{4500990F-CCFD-466C-9C85-A3FCFDFF0E1E}.Release|Any CPU.ActiveCfg = Release|Any CPU
		{4500990F-CCFD-466C-9C85-A3FCFDFF0E1E}.Release|Any CPU.Build.0 = Release|Any CPU
		{D14A17CF-591F-4224-9CD1-73AA58A434DE}.Debug|Any CPU.ActiveCfg = Debug|Any CPU
		{D14A17CF-591F-4224-9CD1-73AA58A434DE}.Debug|Any CPU.Build.0 = Debug|Any CPU
		{D14A17CF-591F-4224-9CD1-73AA58A434DE}.Release|Any CPU.ActiveCfg = Release|Any CPU
		{D14A17CF-591F-4224-9CD1-73AA58A434DE}.Release|Any CPU.Build.0 = Release|Any CPU
		{4EA4383C-6260-4529-8B4A-584EA6E35CC4}.Debug|Any CPU.ActiveCfg = Debug|Any CPU
		{4EA4383C-6260-4529-8B4A-584EA6E35CC4}.Debug|Any CPU.Build.0 = Debug|Any CPU
		{4EA4383C-6260-4529-8B4A-584EA6E35CC4}.Release|Any CPU.ActiveCfg = Release|Any CPU
		{4EA4383C-6260-4529-8B4A-584EA6E35CC4}.Release|Any CPU.Build.0 = Release|Any CPU
		{6CBAEFC6-526C-4FFF-A78B-FA1DDEAE76E5}.Debug|Any CPU.ActiveCfg = Debug|Any CPU
		{6CBAEFC6-526C-4FFF-A78B-FA1DDEAE76E5}.Debug|Any CPU.Build.0 = Debug|Any CPU
		{6CBAEFC6-526C-4FFF-A78B-FA1DDEAE76E5}.Release|Any CPU.ActiveCfg = Release|Any CPU
		{6CBAEFC6-526C-4FFF-A78B-FA1DDEAE76E5}.Release|Any CPU.Build.0 = Release|Any CPU
	EndGlobalSection
	GlobalSection(SolutionProperties) = preSolution
		HideSolutionNode = FALSE
	EndGlobalSection
	GlobalSection(ExtensibilityGlobals) = postSolution
		SolutionGuid = {3F28BFF1-853D-43A9-8096-ED23A4BB09CB}
	EndGlobalSection
EndGlobal
